
Microsoft Visual Studio Solution File, Format Version 12.00
# Visual Studio Version 16
VisualStudioVersion = 16.0.32602.291
MinimumVisualStudioVersion = 10.0.40219.1
Project("{FAE04EC0-301F-11D3-BF4B-00C04F79EFBC}") = "MvcProject", "MvcProject\MvcProject.csproj", "{1882EDF3-3267-4700-8F8C-64A7151D83DC}"
EndProject
Global
	GlobalSection(SolutionConfigurationPlatforms) = preSolution
		Debug|Any CPU = Debug|Any CPU
		Release|Any CPU = Release|Any CPU
	EndGlobalSection
	GlobalSection(ProjectConfigurationPlatforms) = postSolution
		{1882EDF3-3267-4700-8F8C-64A7151D83DC}.Debug|Any CPU.ActiveCfg = Debug|Any CPU
		{1882EDF3-3267-4700-8F8C-64A7151D83DC}.Debug|Any CPU.Build.0 = Debug|Any CPU
		{1882EDF3-3267-4700-8F8C-64A7151D83DC}.Release|Any CPU.ActiveCfg = Release|Any CPU
		{1882EDF3-3267-4700-8F8C-64A7151D83DC}.Release|Any CPU.Build.0 = Release|Any CPU
	EndGlobalSection
	GlobalSection(SolutionProperties) = preSolution
		HideSolutionNode = FALSE
	EndGlobalSection
	GlobalSection(ExtensibilityGlobals) = postSolution
		SolutionGuid = {4550694A-5272-451F-BECE-A641BE00585F}
	EndGlobalSection
EndGlobal
